
Microsoft Visual Studio Solution File, Format Version 12.00
# Visual Studio 14
VisualStudioVersion = 14.0.25420.1
MinimumVisualStudioVersion = 10.0.40219.1
Project("{8BC9CEB8-8B4A-11D0-8D11-00A0C91BC942}") = "OOP_Week04", "OOP_Week04\OOP_Week04.vcxproj", "{591BF8FC-491A-4DB4-9664-9CF566FED60E}"
EndProject
Project("{8BC9CEB8-8B4A-11D0-8D11-00A0C91BC942}") = "Shape", "Shape\Shape.vcxproj", "{D33CC186-B288-43D9-85D9-361B75EB88A7}"
EndProject
Project("{8BC9CEB8-8B4A-11D0-8D11-00A0C91BC942}") = "MyStringSample", "MyStringSample\MyStringSample.vcxproj", "{85F8C8DF-249A-49EA-9948-E51CC941E8AC}"
EndProject
Global
	GlobalSection(SolutionConfigurationPlatforms) = preSolution
		Debug|x64 = Debug|x64
		Debug|x86 = Debug|x86
		Release|x64 = Release|x64
		Release|x86 = Release|x86
	EndGlobalSection
	GlobalSection(ProjectConfigurationPlatforms) = postSolution
		{591BF8FC-491A-4DB4-9664-9CF566FED60E}.Debug|x64.ActiveCfg = Debug|x64
		{591BF8FC-491A-4DB4-9664-9CF566FED60E}.Debug|x64.Build.0 = Debug|x64
		{591BF8FC-491A-4DB4-9664-9CF566FED60E}.Debug|x86.ActiveCfg = Debug|Win32
		{591BF8FC-491A-4DB4-9664-9CF566FED60E}.Debug|x86.Build.0 = Debug|Win32
		{591BF8FC-491A-4DB4-9664-9CF566FED60E}.Release|x64.ActiveCfg = Release|x64
		{591BF8FC-491A-4DB4-9664-9CF566FED60E}.Release|x64.Build.0 = Release|x64
		{591BF8FC-491A-4DB4-9664-9CF566FED60E}.Release|x86.ActiveCfg = Release|Win32
		{591BF8FC-491A-4DB4-9664-9CF566FED60E}.Release|x86.Build.0 = Release|Win32
		{D33CC186-B288-43D9-85D9-361B75EB88A7}.Debug|x64.ActiveCfg = Debug|x64
		{D33CC186-B288-43D9-85D9-361B75EB88A7}.Debug|x64.Build.0 = Debug|x64
		{D33CC186-B288-43D9-85D9-361B75EB88A7}.Debug|x86.ActiveCfg = Debug|Win32
		{D33CC186-B288-43D9-85D9-361B75EB88A7}.Debug|x86.Build.0 = Debug|Win32
		{D33CC186-B288-43D9-85D9-361B75EB88A7}.Release|x64.ActiveCfg = Release|x64
		{D33CC186-B288-43D9-85D9-361B75EB88A7}.Release|x64.Build.0 = Release|x64
		{D33CC186-B288-43D9-85D9-361B75EB88A7}.Release|x86.ActiveCfg = Release|Win32
		{D33CC186-B288-43D9-85D9-361B75EB88A7}.Release|x86.Build.0 = Release|Win32
		{85F8C8DF-249A-49EA-9948-E51CC941E8AC}.Debug|x64.ActiveCfg = Debug|x64
		{85F8C8DF-249A-49EA-9948-E51CC941E8AC}.Debug|x64.Build.0 = Debug|x64
		{85F8C8DF-249A-49EA-9948-E51CC941E8AC}.Debug|x86.ActiveCfg = Debug|Win32
		{85F8C8DF-249A-49EA-9948-E51CC941E8AC}.Debug|x86.Build.0 = Debug|Win32
		{85F8C8DF-249A-49EA-9948-E51CC941E8AC}.Release|x64.ActiveCfg = Release|x64
		{85F8C8DF-249A-49EA-9948-E51CC941E8AC}.Release|x64.Build.0 = Release|x64
		{85F8C8DF-249A-49EA-9948-E51CC941E8AC}.Release|x86.ActiveCfg = Release|Win32
		{85F8C8DF-249A-49EA-9948-E51CC941E8AC}.Release|x86.Build.0 = Release|Win32
	EndGlobalSection
	GlobalSection(SolutionProperties) = preSolution
		HideSolutionNode = FALSE
	EndGlobalSection
EndGlobal
