
Microsoft Visual Studio Solution File, Format Version 12.00
# Visual Studio 14
VisualStudioVersion = 14.0.25420.1
MinimumVisualStudioVersion = 10.0.40219.1
Project("{8BC9CEB8-8B4A-11D0-8D11-00A0C91BC942}") = "Change", "Change\Change.vcxproj", "{D38EC583-1B7B-4ECB-9851-C8F21038CF63}"
EndProject
Project("{8BC9CEB8-8B4A-11D0-8D11-00A0C91BC942}") = "GraphicEditor", "GraphicEditor\GraphicEditor.vcxproj", "{58F5DB85-095B-49B9-8AC2-D0F016A02E10}"
EndProject
Project("{8BC9CEB8-8B4A-11D0-8D11-00A0C91BC942}") = "MonsterWorld", "MonsterWorld\MonsterWorld.vcxproj", "{0EF29286-9078-4633-A2BA-14FB37190A0D}"
EndProject
Global
	GlobalSection(SolutionConfigurationPlatforms) = preSolution
		Debug|x64 = Debug|x64
		Debug|x86 = Debug|x86
		Release|x64 = Release|x64
		Release|x86 = Release|x86
	EndGlobalSection
	GlobalSection(ProjectConfigurationPlatforms) = postSolution
		{D38EC583-1B7B-4ECB-9851-C8F21038CF63}.Debug|x64.ActiveCfg = Debug|x64
		{D38EC583-1B7B-4ECB-9851-C8F21038CF63}.Debug|x64.Build.0 = Debug|x64
		{D38EC583-1B7B-4ECB-9851-C8F21038CF63}.Debug|x86.ActiveCfg = Debug|Win32
		{D38EC583-1B7B-4ECB-9851-C8F21038CF63}.Debug|x86.Build.0 = Debug|Win32
		{D38EC583-1B7B-4ECB-9851-C8F21038CF63}.Release|x64.ActiveCfg = Release|x64
		{D38EC583-1B7B-4ECB-9851-C8F21038CF63}.Release|x64.Build.0 = Release|x64
		{D38EC583-1B7B-4ECB-9851-C8F21038CF63}.Release|x86.ActiveCfg = Release|Win32
		{D38EC583-1B7B-4ECB-9851-C8F21038CF63}.Release|x86.Build.0 = Release|Win32
		{58F5DB85-095B-49B9-8AC2-D0F016A02E10}.Debug|x64.ActiveCfg = Debug|x64
		{58F5DB85-095B-49B9-8AC2-D0F016A02E10}.Debug|x64.Build.0 = Debug|x64
		{58F5DB85-095B-49B9-8AC2-D0F016A02E10}.Debug|x86.ActiveCfg = Debug|Win32
		{58F5DB85-095B-49B9-8AC2-D0F016A02E10}.Debug|x86.Build.0 = Debug|Win32
		{58F5DB85-095B-49B9-8AC2-D0F016A02E10}.Release|x64.ActiveCfg = Release|x64
		{58F5DB85-095B-49B9-8AC2-D0F016A02E10}.Release|x64.Build.0 = Release|x64
		{58F5DB85-095B-49B9-8AC2-D0F016A02E10}.Release|x86.ActiveCfg = Release|Win32
		{58F5DB85-095B-49B9-8AC2-D0F016A02E10}.Release|x86.Build.0 = Release|Win32
		{0EF29286-9078-4633-A2BA-14FB37190A0D}.Debug|x64.ActiveCfg = Debug|x64
		{0EF29286-9078-4633-A2BA-14FB37190A0D}.Debug|x64.Build.0 = Debug|x64
		{0EF29286-9078-4633-A2BA-14FB37190A0D}.Debug|x86.ActiveCfg = Debug|Win32
		{0EF29286-9078-4633-A2BA-14FB37190A0D}.Debug|x86.Build.0 = Debug|Win32
		{0EF29286-9078-4633-A2BA-14FB37190A0D}.Debug|x86.Deploy.0 = Debug|Win32
		{0EF29286-9078-4633-A2BA-14FB37190A0D}.Release|x64.ActiveCfg = Release|x64
		{0EF29286-9078-4633-A2BA-14FB37190A0D}.Release|x64.Build.0 = Release|x64
		{0EF29286-9078-4633-A2BA-14FB37190A0D}.Release|x86.ActiveCfg = Release|Win32
		{0EF29286-9078-4633-A2BA-14FB37190A0D}.Release|x86.Build.0 = Release|Win32
	EndGlobalSection
	GlobalSection(SolutionProperties) = preSolution
		HideSolutionNode = FALSE
	EndGlobalSection
EndGlobal
