
Microsoft Visual Studio Solution File, Format Version 12.00
# Visual Studio 14
VisualStudioVersion = 14.0.25420.1
MinimumVisualStudioVersion = 10.0.40219.1
Project("{8BC9CEB8-8B4A-11D0-8D11-00A0C91BC942}") = "uecho_client_win", "uecho_client_win\uecho_client_win.vcxproj", "{6F0C6A80-4B7F-4F48-9FA0-3046E8C313D4}"
EndProject
Project("{8BC9CEB8-8B4A-11D0-8D11-00A0C91BC942}") = "ucalc_server_win", "ucalc_server_win\ucalc_server_win.vcxproj", "{98E87DC9-C181-48E5-BDA8-D7593D70A3CA}"
EndProject
Project("{8BC9CEB8-8B4A-11D0-8D11-00A0C91BC942}") = "ucalc_client_win", "ucalc_client_win\ucalc_client_win.vcxproj", "{E84B515D-4D0B-4419-A9FF-CAA3057547F0}"
EndProject
Project("{8BC9CEB8-8B4A-11D0-8D11-00A0C91BC942}") = "uecho_server_win", "uecho_server_win\uecho_server_win.vcxproj", "{A011EC20-544E-4DBC-810F-17F60BB3F931}"
EndProject
Global
	GlobalSection(SolutionConfigurationPlatforms) = preSolution
		Debug|x64 = Debug|x64
		Debug|x86 = Debug|x86
		Release|x64 = Release|x64
		Release|x86 = Release|x86
	EndGlobalSection
	GlobalSection(ProjectConfigurationPlatforms) = postSolution
		{6F0C6A80-4B7F-4F48-9FA0-3046E8C313D4}.Debug|x64.ActiveCfg = Debug|x64
		{6F0C6A80-4B7F-4F48-9FA0-3046E8C313D4}.Debug|x64.Build.0 = Debug|x64
		{6F0C6A80-4B7F-4F48-9FA0-3046E8C313D4}.Debug|x86.ActiveCfg = Debug|Win32
		{6F0C6A80-4B7F-4F48-9FA0-3046E8C313D4}.Debug|x86.Build.0 = Debug|Win32
		{6F0C6A80-4B7F-4F48-9FA0-3046E8C313D4}.Release|x64.ActiveCfg = Release|x64
		{6F0C6A80-4B7F-4F48-9FA0-3046E8C313D4}.Release|x64.Build.0 = Release|x64
		{6F0C6A80-4B7F-4F48-9FA0-3046E8C313D4}.Release|x86.ActiveCfg = Release|Win32
		{6F0C6A80-4B7F-4F48-9FA0-3046E8C313D4}.Release|x86.Build.0 = Release|Win32
		{98E87DC9-C181-48E5-BDA8-D7593D70A3CA}.Debug|x64.ActiveCfg = Debug|x64
		{98E87DC9-C181-48E5-BDA8-D7593D70A3CA}.Debug|x64.Build.0 = Debug|x64
		{98E87DC9-C181-48E5-BDA8-D7593D70A3CA}.Debug|x86.ActiveCfg = Debug|Win32
		{98E87DC9-C181-48E5-BDA8-D7593D70A3CA}.Debug|x86.Build.0 = Debug|Win32
		{98E87DC9-C181-48E5-BDA8-D7593D70A3CA}.Release|x64.ActiveCfg = Release|x64
		{98E87DC9-C181-48E5-BDA8-D7593D70A3CA}.Release|x64.Build.0 = Release|x64
		{98E87DC9-C181-48E5-BDA8-D7593D70A3CA}.Release|x86.ActiveCfg = Release|Win32
		{98E87DC9-C181-48E5-BDA8-D7593D70A3CA}.Release|x86.Build.0 = Release|Win32
		{E84B515D-4D0B-4419-A9FF-CAA3057547F0}.Debug|x64.ActiveCfg = Debug|x64
		{E84B515D-4D0B-4419-A9FF-CAA3057547F0}.Debug|x64.Build.0 = Debug|x64
		{E84B515D-4D0B-4419-A9FF-CAA3057547F0}.Debug|x86.ActiveCfg = Debug|Win32
		{E84B515D-4D0B-4419-A9FF-CAA3057547F0}.Debug|x86.Build.0 = Debug|Win32
		{E84B515D-4D0B-4419-A9FF-CAA3057547F0}.Release|x64.ActiveCfg = Release|x64
		{E84B515D-4D0B-4419-A9FF-CAA3057547F0}.Release|x64.Build.0 = Release|x64
		{E84B515D-4D0B-4419-A9FF-CAA3057547F0}.Release|x86.ActiveCfg = Release|Win32
		{E84B515D-4D0B-4419-A9FF-CAA3057547F0}.Release|x86.Build.0 = Release|Win32
		{A011EC20-544E-4DBC-810F-17F60BB3F931}.Debug|x64.ActiveCfg = Debug|x64
		{A011EC20-544E-4DBC-810F-17F60BB3F931}.Debug|x64.Build.0 = Debug|x64
		{A011EC20-544E-4DBC-810F-17F60BB3F931}.Debug|x86.ActiveCfg = Debug|Win32
		{A011EC20-544E-4DBC-810F-17F60BB3F931}.Debug|x86.Build.0 = Debug|Win32
		{A011EC20-544E-4DBC-810F-17F60BB3F931}.Release|x64.ActiveCfg = Release|x64
		{A011EC20-544E-4DBC-810F-17F60BB3F931}.Release|x64.Build.0 = Release|x64
		{A011EC20-544E-4DBC-810F-17F60BB3F931}.Release|x86.ActiveCfg = Release|Win32
		{A011EC20-544E-4DBC-810F-17F60BB3F931}.Release|x86.Build.0 = Release|Win32
	EndGlobalSection
	GlobalSection(SolutionProperties) = preSolution
		HideSolutionNode = FALSE
	EndGlobalSection
EndGlobal
